
Microsoft Visual Studio Solution File, Format Version 12.00
# Visual Studio 2013
VisualStudioVersion = 12.0.21005.1
MinimumVisualStudioVersion = 10.0.40219.1
Project("{FAE04EC0-301F-11D3-BF4B-00C04F79EFBC}") = "Bank Mangement System", "Bank Mangement System\Bank Mangement System.csproj", "{1DF36B03-DD3F-4C94-A422-23C3E139ADCF}"
EndProject
Global
	GlobalSection(SolutionConfigurationPlatforms) = preSolution
		Debug|Any CPU = Debug|Any CPU
		Release|Any CPU = Release|Any CPU
	EndGlobalSection
	GlobalSection(ProjectConfigurationPlatforms) = postSolution
		{1DF36B03-DD3F-4C94-A422-23C3E139ADCF}.Debug|Any CPU.ActiveCfg = Debug|Any CPU
		{1DF36B03-DD3F-4C94-A422-23C3E139ADCF}.Debug|Any CPU.Build.0 = Debug|Any CPU
		{1DF36B03-DD3F-4C94-A422-23C3E139ADCF}.Release|Any CPU.ActiveCfg = Release|Any CPU
		{1DF36B03-DD3F-4C94-A422-23C3E139ADCF}.Release|Any CPU.Build.0 = Release|Any CPU
	EndGlobalSection
	GlobalSection(SolutionProperties) = preSolution
		HideSolutionNode = FALSE
	EndGlobalSection
EndGlobal
